PODS:
  - awesome_notifications (0.0.2):
    - Flutter
  - clipboard_manager (0.0.3):
    - Flutter
  - connectivity (0.0.1):
    - Flutter
    - Reachability
  - Firebase/Auth (6.33.0):
    - Firebase/CoreOnly
    - FirebaseAuth (~> 6.9.2)
  - Firebase/CoreOnly (6.33.0):
    - FirebaseCore (= 6.10.3)
  - Firebase/InAppMessaging (6.33.0):
    - Firebase/CoreOnly
    - FirebaseInAppMessaging (~> 0.24.0)
  - Firebase/Messaging (6.33.0):
    - Firebase/CoreOnly
    - FirebaseMessaging (~> 4.7.0)
  - firebase_auth (0.18.4-1):
    - Firebase/Auth (~> 6.33.0)
    - Firebase/CoreOnly (~> 6.33.0)
    - firebase_core
    - Flutter
  - firebase_core (0.5.3):
    - Firebase/CoreOnly (~> 6.33.0)
    - Flutter
  - firebase_in_app_messaging (0.2.3):
    - Firebase/CoreOnly (~> 6.33.0)
    - Firebase/InAppMessaging (~> 6.33.0)
    - firebase_core
    - Flutter
  - firebase_messaging (7.0.3):
    - Firebase/CoreOnly (~> 6.33.0)
    - Firebase/Messaging (~> 6.33.0)
    - firebase_core
    - Flutter
  - FirebaseABTesting (4.2.0):
    - FirebaseCore (~> 6.10)
  - FirebaseAuth (6.9.2):
    - FirebaseCore (~> 6.10)
    - GoogleUtilities/AppDelegateSwizzler (~> 6.7)
    - GoogleUtilities/Environment (~> 6.7)
    - GTMSessionFetcher/Core (~> 1.1)
  - FirebaseCore (6.10.3):
    - FirebaseCoreDiagnostics (~> 1.6)
    - GoogleUtilities/Environment (~> 6.7)
    - GoogleUtilities/Logger (~> 6.7)
  - FirebaseCoreDiagnostics (1.7.0):
    - GoogleDataTransport (~> 7.4)
    - GoogleUtilities/Environment (~> 6.7)
    - GoogleUtilities/Logger (~> 6.7)
    - nanopb (~> 1.30906.0)
  - FirebaseInAppMessaging (0.24.0):
    - FirebaseABTesting (~> 4.2)
    - FirebaseCore (~> 6.10)
    - FirebaseInstallations (~> 1.6)
    - GoogleUtilities/Environment (~> 6.7)
    - nanopb (~> 1.30906.0)
  - FirebaseInstallations (1.7.0):
    - FirebaseCore (~> 6.10)
    - GoogleUtilities/Environment (~> 6.7)
    - GoogleUtilities/UserDefaults (~> 6.7)
    - PromisesObjC (~> 1.2)
  - FirebaseInstanceID (4.8.0):
    - FirebaseCore (~> 6.10)
    - FirebaseInstallations (~> 1.6)
    - GoogleUtilities/Environment (~> 6.7)
    - GoogleUtilities/UserDefaults (~> 6.7)
  - FirebaseMessaging (4.7.1):
    - FirebaseCore (~> 6.10)
    - FirebaseInstanceID (~> 4.7)
    - GoogleUtilities/AppDelegateSwizzler (~> 6.7)
    - GoogleUtilities/Environment (~> 6.7)
    - GoogleUtilities/Reachability (~> 6.7)
    - GoogleUtilities/UserDefaults (~> 6.7)
    - Protobuf (>= 3.9.2, ~> 3.9)
  - Flutter (1.0.0)
  - flutter_local_notifications (0.0.1):
    - Flutter
  - flutter_ringtone_player (0.0.1):
    - Flutter
  - fluttertoast (0.0.2):
    - Flutter
    - Toast
  - FMDB (2.7.5):
    - FMDB/standard (= 2.7.5)
  - FMDB/standard (2.7.5)
  - geocoder (0.0.1):
    - Flutter
  - geolocator (6.2.0):
    - Flutter
  - get_version (0.0.1):
    - Flutter
  - google_maps_flutter (0.0.1):
    - Flutter
    - GoogleMaps (< 3.10)
  - GoogleDataTransport (7.5.1):
    - nanopb (~> 1.30906.0)
  - GoogleMaps (3.9.0):
    - GoogleMaps/Maps (= 3.9.0)
  - GoogleMaps/Base (3.9.0)
  - GoogleMaps/Maps (3.9.0):
    - GoogleMaps/Base
  - GoogleUtilities/AppDelegateSwizzler (6.7.2):
    - GoogleUtilities/Environment
    - GoogleUtilities/Logger
    - GoogleUtilities/Network
  - GoogleUtilities/Environment (6.7.2):
    - PromisesObjC (~> 1.2)
  - GoogleUtilities/Logger (6.7.2):
    - GoogleUtilities/Environment
  - GoogleUtilities/Network (6.7.2):
    - GoogleUtilities/Logger
    - "GoogleUtilities/NSData+zlib"
    - GoogleUtilities/Reachability
  - "GoogleUtilities/NSData+zlib (6.7.2)"
  - GoogleUtilities/Reachability (6.7.2):
    - GoogleUtilities/Logger
  - GoogleUtilities/UserDefaults (6.7.2):
    - GoogleUtilities/Logger
  - GTMSessionFetcher/Core (1.7.0)
  - image_picker (0.0.1):
    - Flutter
  - location (0.0.1):
    - Flutter
  - nanopb (1.30906.0):
    - nanopb/decode (= 1.30906.0)
    - nanopb/encode (= 1.30906.0)
  - nanopb/decode (1.30906.0)
  - nanopb/encode (1.30906.0)
  - package_info (0.0.1):
    - Flutter
  - path_provider (0.0.1):
    - Flutter
  - "permission_handler (5.1.0+2)":
    - Flutter
  - PromisesObjC (1.2.12)
  - Protobuf (3.19.1)
  - razorpay-pod (1.1.17)
  - razorpay_flutter (1.1.10):
    - Flutter
    - razorpay-pod
  - Reachability (3.2)
  - share_plus (0.0.1):
    - Flutter
  - shared_preferences (0.0.1):
    - Flutter
  - sqflite (0.0.2):
    - Flutter
    - FMDB (>= 2.7.5)
  - store_redirect (0.0.1):
    - Flutter
  - Toast (4.0.0)
  - url_launcher (0.0.1):
    - Flutter

DEPENDENCIES:
  - awesome_notifications (from `.symlinks/plugins/awesome_notifications/ios`)
  - clipboard_manager (from `.symlinks/plugins/clipboard_manager/ios`)
  - connectivity (from `.symlinks/plugins/connectivity/ios`)
  - firebase_auth (from `.symlinks/plugins/firebase_auth/ios`)
  - firebase_core (from `.symlinks/plugins/firebase_core/ios`)
  - firebase_in_app_messaging (from `.symlinks/plugins/firebase_in_app_messaging/ios`)
  - firebase_messaging (from `.symlinks/plugins/firebase_messaging/ios`)
  - Flutter (from `Flutter`)
  - flutter_local_notifications (from `.symlinks/plugins/flutter_local_notifications/ios`)
  - flutter_ringtone_player (from `.symlinks/plugins/flutter_ringtone_player/ios`)
  - fluttertoast (from `.symlinks/plugins/fluttertoast/ios`)
  - geocoder (from `.symlinks/plugins/geocoder/ios`)
  - geolocator (from `.symlinks/plugins/geolocator/ios`)
  - get_version (from `.symlinks/plugins/get_version/ios`)
  - google_maps_flutter (from `.symlinks/plugins/google_maps_flutter/ios`)
  - image_picker (from `.symlinks/plugins/image_picker/ios`)
  - location (from `.symlinks/plugins/location/ios`)
  - package_info (from `.symlinks/plugins/package_info/ios`)
  - path_provider (from `.symlinks/plugins/path_provider/ios`)
  - permission_handler (from `.symlinks/plugins/permission_handler/ios`)
  - razorpay_flutter (from `.symlinks/plugins/razorpay_flutter/ios`)
  - share_plus (from `.symlinks/plugins/share_plus/ios`)
  - shared_preferences (from `.symlinks/plugins/shared_preferences/ios`)
  - sqflite (from `.symlinks/plugins/sqflite/ios`)
  - store_redirect (from `.symlinks/plugins/store_redirect/ios`)
  - url_launcher (from `.symlinks/plugins/url_launcher/ios`)

SPEC REPOS:
  trunk:
    - Firebase
    - FirebaseABTesting
    - FirebaseAuth
    - FirebaseCore
    - FirebaseCoreDiagnostics
    - FirebaseInAppMessaging
    - FirebaseInstallations
    - FirebaseInstanceID
    - FirebaseMessaging
    - FMDB
    - GoogleDataTransport
    - GoogleMaps
    - GoogleUtilities
    - GTMSessionFetcher
    - nanopb
    - PromisesObjC
    - Protobuf
    - razorpay-pod
    - Reachability
    - Toast

EXTERNAL SOURCES:
  awesome_notifications:
    :path: ".symlinks/plugins/awesome_notifications/ios"
  clipboard_manager:
    :path: ".symlinks/plugins/clipboard_manager/ios"
  connectivity:
    :path: ".symlinks/plugins/connectivity/ios"
  firebase_auth:
    :path: ".symlinks/plugins/firebase_auth/ios"
  firebase_core:
    :path: ".symlinks/plugins/firebase_core/ios"
  firebase_in_app_messaging:
    :path: ".symlinks/plugins/firebase_in_app_messaging/ios"
  firebase_messaging:
    :path: ".symlinks/plugins/firebase_messaging/ios"
  Flutter:
    :path: Flutter
  flutter_local_notifications:
    :path: ".symlinks/plugins/flutter_local_notifications/ios"
  flutter_ringtone_player:
    :path: ".symlinks/plugins/flutter_ringtone_player/ios"
  fluttertoast:
    :path: ".symlinks/plugins/fluttertoast/ios"
  geocoder:
    :path: ".symlinks/plugins/geocoder/ios"
  geolocator:
    :path: ".symlinks/plugins/geolocator/ios"
  get_version:
    :path: ".symlinks/plugins/get_version/ios"
  google_maps_flutter:
    :path: ".symlinks/plugins/google_maps_flutter/ios"
  image_picker:
    :path: ".symlinks/plugins/image_picker/ios"
  location:
    :path: ".symlinks/plugins/location/ios"
  package_info:
    :path: ".symlinks/plugins/package_info/ios"
  path_provider:
    :path: ".symlinks/plugins/path_provider/ios"
  permission_handler:
    :path: ".symlinks/plugins/permission_handler/ios"
  razorpay_flutter:
    :path: ".symlinks/plugins/razorpay_flutter/ios"
  share_plus:
    :path: ".symlinks/plugins/share_plus/ios"
  shared_preferences:
    :path: ".symlinks/plugins/shared_preferences/ios"
  sqflite:
    :path: ".symlinks/plugins/sqflite/ios"
  store_redirect:
    :path: ".symlinks/plugins/store_redirect/ios"
  url_launcher:
    :path: ".symlinks/plugins/url_launcher/ios"

SPEC CHECKSUMS:
  awesome_notifications: 74462bc8e68b11f8235d78422266886759e9da61
  clipboard_manager: f4800834e62cc26b1cc4e0a92a35cd452dd8b827
  connectivity: c4130b2985d4ef6fd26f9702e886bd5260681467
  Firebase: 8db6f2d1b2c5e2984efba4949a145875a8f65fe5
  firebase_auth: d5159db3873478d1ac839af7b10d2f831516136a
  firebase_core: 5d6a02f3d85acd5f8321c2d6d62877626a670659
  firebase_in_app_messaging: 4e733cf5662cfd6543ebc5d8b2b6946362f4ffce
  firebase_messaging: 0aea2cd5885b65e19ede58ee3507f485c992cc75
  FirebaseABTesting: 8a9d8df3acc2b43f4a22014ddf9f601bca6af699
  FirebaseAuth: c92d49ada7948d1a23466e3db17bc4c2039dddc3
  FirebaseCore: d889d9e12535b7f36ac8bfbf1713a0836a3012cd
  FirebaseCoreDiagnostics: 770ac5958e1372ce67959ae4b4f31d8e127c3ac1
  FirebaseInAppMessaging: 9da48721c6ad1b5bdc2b1108f2d3d561eb2245ca
  FirebaseInstallations: 466c7b4d1f58fe16707693091da253726a731ed2
  FirebaseInstanceID: bd3ffc24367f901a43c063b36c640b345a4a5dd1
  FirebaseMessaging: 5eca4ef173de76253352511aafef774caa1cba2a
  Flutter: 434fef37c0980e73bb6479ef766c45957d4b510c
  flutter_local_notifications: 0c0b1ae97e741e1521e4c1629a459d04b9aec743
  flutter_ringtone_player: 15eba85187230b87b2512f0e1b92225618bc03e7
  fluttertoast: 6122fa75143e992b1d3470f61000f591a798cc58
  FMDB: 2ce00b547f966261cd18927a3ddb07cb6f3db82a
  geocoder: 3cfab70531a0b367e917bafe82df4c30f6d4c45a
  geolocator: f5e3de65e241caba7ce3e8a618803387bda73384
  get_version: 2bc18c4e26a265571662cab5d38f8b50dc8c1c77
  google_maps_flutter: c7f9c73576de1fbe152a227bfd6e6c4ae8088619
  GoogleDataTransport: f56af7caa4ed338dc8e138a5d7c5973e66440833
  GoogleMaps: 4b5346bddfe6911bb89155d43c903020170523ac
  GoogleUtilities: 7f2f5a07f888cdb145101d6042bc4422f57e70b3
  GTMSessionFetcher: 43748f93435c2aa068b1cbe39655aaf600652e91
  image_picker: 9c3312491f862b28d21ecd8fdf0ee14e601b3f09
  location: 3a2eed4dd2fab25e7b7baf2a9efefe82b512d740
  nanopb: 59317e09cf1f1a0af72f12af412d54edf52603fc
  package_info: 873975fc26034f0b863a300ad47e7f1ac6c7ec62
  path_provider: abfe2b5c733d04e238b0d8691db0cfd63a27a93c
  permission_handler: ccb20a9fad0ee9b1314a52b70b76b473c5f8dab0
  PromisesObjC: 3113f7f76903778cf4a0586bd1ab89329a0b7b97
  Protobuf: 3724efa50cb2846d7ccebc8691c574e85fd74471
  razorpay-pod: 570fa697c5c0d8e356f42d783bf37d9361334062
  razorpay_flutter: 84b3bfd206ae9c9c2a9ba585524a1b3d8102b6c1
  Reachability: 33e18b67625424e47b6cde6d202dce689ad7af96
  share_plus: 2e6276f752c279a84cd68a9fc27dfbbe2a74b072
  shared_preferences: af6bfa751691cdc24be3045c43ec037377ada40d
  sqflite: 6d358c025f5b867b29ed92fc697fd34924e11904
  store_redirect: 2977747cf81689a39bd62c248c2deacb7a0d131e
  Toast: 91b396c56ee72a5790816f40d3a94dd357abc196
  url_launcher: 6fef411d543ceb26efce54b05a0a40bfd74cbbef

PODFILE CHECKSUM: 5b95564094f5c2fddc8f5614b87adbac4c587799

COCOAPODS: 1.11.3
